Microsoft Visual Studio Solution File, Format Version 12.00
# Visual Studio Version 17
VisualStudioVersion = 17.5.2.0
MinimumVisualStudioVersion = 10.0.40219.1
Project("{FAE04EC0-301F-11D3-BF4B-00C04F79EFBC}") = "Ejercicios_Listas", "Ejercicios_Listas.csproj", "{FB39FB1E-9EAE-30AA-D184-6A89A9EED95D}"
EndProject
Global
	GlobalSection(SolutionConfigurationPlatforms) = preSolution
		Debug|Any CPU = Debug|Any CPU
		Release|Any CPU = Release|Any CPU
	EndGlobalSection
	GlobalSection(ProjectConfigurationPlatforms) = postSolution
		{FB39FB1E-9EAE-30AA-D184-6A89A9EED95D}.Debug|Any CPU.ActiveCfg = Debug|Any CPU
		{FB39FB1E-9EAE-30AA-D184-6A89A9EED95D}.Debug|Any CPU.Build.0 = Debug|Any CPU
		{FB39FB1E-9EAE-30AA-D184-6A89A9EED95D}.Release|Any CPU.ActiveCfg = Release|Any CPU
		{FB39FB1E-9EAE-30AA-D184-6A89A9EED95D}.Release|Any CPU.Build.0 = Release|Any CPU
	EndGlobalSection
	GlobalSection(SolutionProperties) = preSolution
		HideSolutionNode = FALSE
	EndGlobalSection
	GlobalSection(ExtensibilityGlobals) = postSolution
		SolutionGuid = {7B4A432F-CC5A-4A01-BB93-8C92D6B82C84}
	EndGlobalSection
EndGlobal
